
Microsoft Visual Studio Solution File, Format Version 12.00
# Visual Studio 15
VisualStudioVersion = 15.0.28307.902
MinimumVisualStudioVersion = 10.0.40219.1
Project("{FAE04EC0-301F-11D3-BF4B-00C04F79EFBC}") = "EACharge_Out", "EACharge_Out\EACharge_Out.csproj", "{0A38D76F-9235-4CC9-A442-19BD1E1E2583}"
EndProject
Global
	GlobalSection(SolutionConfigurationPlatforms) = preSolution
		Debug|Any CPU = Debug|Any CPU
		Release|Any CPU = Release|Any CPU
	EndGlobalSection
	GlobalSection(ProjectConfigurationPlatforms) = postSolution
		{0A38D76F-9235-4CC9-A442-19BD1E1E2583}.Debug|Any CPU.ActiveCfg = Debug|Any CPU
		{0A38D76F-9235-4CC9-A442-19BD1E1E2583}.Debug|Any CPU.Build.0 = Debug|Any CPU
		{0A38D76F-9235-4CC9-A442-19BD1E1E2583}.Release|Any CPU.ActiveCfg = Release|Any CPU
		{0A38D76F-9235-4CC9-A442-19BD1E1E2583}.Release|Any CPU.Build.0 = Release|Any CPU
	EndGlobalSection
	GlobalSection(SolutionProperties) = preSolution
		HideSolutionNode = FALSE
	EndGlobalSection
	GlobalSection(ExtensibilityGlobals) = postSolution
		SolutionGuid = {841EB462-C5B0-4FC5-9722-E4B37E43A829}
	EndGlobalSection
EndGlobal
